
Microsoft Visual Studio Solution File, Format Version 12.00
# Visual Studio Version 17
VisualStudioVersion = 17.5.33516.290
MinimumVisualStudioVersion = 10.0.40219.1
Project("{888888A0-9F3D-457C-B088-3A5042F75D52}") = "Project1", "Project1\Project1.pyproj", "{4E858F68-4A99-4032-A3F2-F94474930AC3}"
EndProject
Project("{888888A0-9F3D-457C-B088-3A5042F75D52}") = "ploschad", "ploschad\ploschad.pyproj", "{94F3B7EB-EE70-4B87-95CD-A193C16928CE}"
EndProject
Global
	GlobalSection(SolutionConfigurationPlatforms) = preSolution
		Debug|Any CPU = Debug|Any CPU
		Release|Any CPU = Release|Any CPU
	EndGlobalSection
	GlobalSection(ProjectConfigurationPlatforms) = postSolution
		{4E858F68-4A99-4032-A3F2-F94474930AC3}.Debug|Any CPU.ActiveCfg = Debug|Any CPU
		{4E858F68-4A99-4032-A3F2-F94474930AC3}.Debug|Any CPU.Build.0 = Debug|Any CPU
		{4E858F68-4A99-4032-A3F2-F94474930AC3}.Release|Any CPU.ActiveCfg = Release|Any CPU
		{4E858F68-4A99-4032-A3F2-F94474930AC3}.Release|Any CPU.Build.0 = Release|Any CPU
		{94F3B7EB-EE70-4B87-95CD-A193C16928CE}.Debug|Any CPU.ActiveCfg = Debug|Any CPU
		{94F3B7EB-EE70-4B87-95CD-A193C16928CE}.Release|Any CPU.ActiveCfg = Release|Any CPU
	EndGlobalSection
	GlobalSection(SolutionProperties) = preSolution
		HideSolutionNode = FALSE
	EndGlobalSection
	GlobalSection(ExtensibilityGlobals) = postSolution
		SolutionGuid = {8A2619E0-9F91-4B64-92F8-869738FF882E}
	EndGlobalSection
EndGlobal
